
Microsoft Visual Studio Solution File, Format Version 12.00
# Visual Studio Version 17
VisualStudioVersion = 17.7.34031.279
MinimumVisualStudioVersion = 10.0.40219.1
Project("{FAE04EC0-301F-11D3-BF4B-00C04F79EFBC}") = "Pascal Triangle", "Pascal Triangle\Pascal Triangle.csproj", "{C37D95B0-7341-4160-BD28-6B39E4D4BF41}"
EndProject
Global
	GlobalSection(SolutionConfigurationPlatforms) = preSolution
		Debug|Any CPU = Debug|Any CPU
		Release|Any CPU = Release|Any CPU
	EndGlobalSection
	GlobalSection(ProjectConfigurationPlatforms) = postSolution
		{C37D95B0-7341-4160-BD28-6B39E4D4BF41}.Debug|Any CPU.ActiveCfg = Debug|Any CPU
		{C37D95B0-7341-4160-BD28-6B39E4D4BF41}.Debug|Any CPU.Build.0 = Debug|Any CPU
		{C37D95B0-7341-4160-BD28-6B39E4D4BF41}.Release|Any CPU.ActiveCfg = Release|Any CPU
		{C37D95B0-7341-4160-BD28-6B39E4D4BF41}.Release|Any CPU.Build.0 = Release|Any CPU
	EndGlobalSection
	GlobalSection(SolutionProperties) = preSolution
		HideSolutionNode = FALSE
	EndGlobalSection
	GlobalSection(ExtensibilityGlobals) = postSolution
		SolutionGuid = {8E71CCA3-29BF-484D-9F86-9B22C2703949}
	EndGlobalSection
EndGlobal
